
Microsoft Visual Studio Solution File, Format Version 12.00
# Visual Studio Version 17
VisualStudioVersion = 17.14.36616.10 d17.14
MinimumVisualStudioVersion = 10.0.40219.1
Project("{FAE04EC0-301F-11D3-BF4B-00C04F79EFBC}") = "4 (guess the number)", "4 (guess the number).csproj", "{8ACCC0EA-2375-4FF3-AF57-05F482B1DBB3}"
EndProject
Global
	GlobalSection(SolutionConfigurationPlatforms) = preSolution
		Debug|Any CPU = Debug|Any CPU
		Release|Any CPU = Release|Any CPU
	EndGlobalSection
	GlobalSection(ProjectConfigurationPlatforms) = postSolution
		{8ACCC0EA-2375-4FF3-AF57-05F482B1DBB3}.Debug|Any CPU.ActiveCfg = Debug|Any CPU
		{8ACCC0EA-2375-4FF3-AF57-05F482B1DBB3}.Debug|Any CPU.Build.0 = Debug|Any CPU
		{8ACCC0EA-2375-4FF3-AF57-05F482B1DBB3}.Release|Any CPU.ActiveCfg = Release|Any CPU
		{8ACCC0EA-2375-4FF3-AF57-05F482B1DBB3}.Release|Any CPU.Build.0 = Release|Any CPU
	EndGlobalSection
	GlobalSection(SolutionProperties) = preSolution
		HideSolutionNode = FALSE
	EndGlobalSection
	GlobalSection(ExtensibilityGlobals) = postSolution
		SolutionGuid = {99D21467-6A3C-416D-A755-4C1F2C999136}
	EndGlobalSection
EndGlobal
