
Microsoft Visual Studio Solution File, Format Version 12.00
# Visual Studio Version 17
VisualStudioVersion = 17.14.36518.9 d17.14
MinimumVisualStudioVersion = 10.0.40219.1
Project("{FAE04EC0-301F-11D3-BF4B-00C04F79EFBC}") = "lucky ticket", "lucky ticket.csproj", "{22156EBE-86D7-42A6-A743-E417EEF977B8}"
EndProject
Global
	GlobalSection(SolutionConfigurationPlatforms) = preSolution
		Debug|Any CPU = Debug|Any CPU
		Release|Any CPU = Release|Any CPU
	EndGlobalSection
	GlobalSection(ProjectConfigurationPlatforms) = postSolution
		{22156EBE-86D7-42A6-A743-E417EEF977B8}.Debug|Any CPU.ActiveCfg = Debug|Any CPU
		{22156EBE-86D7-42A6-A743-E417EEF977B8}.Debug|Any CPU.Build.0 = Debug|Any CPU
		{22156EBE-86D7-42A6-A743-E417EEF977B8}.Release|Any CPU.ActiveCfg = Release|Any CPU
		{22156EBE-86D7-42A6-A743-E417EEF977B8}.Release|Any CPU.Build.0 = Release|Any CPU
	EndGlobalSection
	GlobalSection(SolutionProperties) = preSolution
		HideSolutionNode = FALSE
	EndGlobalSection
	GlobalSection(ExtensibilityGlobals) = postSolution
		SolutionGuid = {FF76EF84-E461-4BB0-BF5E-5B77077B1A77}
	EndGlobalSection
EndGlobal
